
Microsoft Visual Studio Solution File, Format Version 12.00
# Visual Studio Version 16
VisualStudioVersion = 25.0.1705.2
MinimumVisualStudioVersion = 10.0.40219.1
Project("{FAE04EC0-301F-11D3-BF4B-00C04F79EFBC}") = "modul9_1302210046", "modul9_1302210046\modul9_1302210046.csproj", "{91E06A71-DFE3-4980-9D3B-2F3D87F2FB20}"
EndProject
Global
	GlobalSection(SolutionConfigurationPlatforms) = preSolution
		Debug|Any CPU = Debug|Any CPU
		Release|Any CPU = Release|Any CPU
	EndGlobalSection
	GlobalSection(ProjectConfigurationPlatforms) = postSolution
		{91E06A71-DFE3-4980-9D3B-2F3D87F2FB20}.Debug|Any CPU.ActiveCfg = Debug|Any CPU
		{91E06A71-DFE3-4980-9D3B-2F3D87F2FB20}.Debug|Any CPU.Build.0 = Debug|Any CPU
		{91E06A71-DFE3-4980-9D3B-2F3D87F2FB20}.Release|Any CPU.ActiveCfg = Release|Any CPU
		{91E06A71-DFE3-4980-9D3B-2F3D87F2FB20}.Release|Any CPU.Build.0 = Release|Any CPU
	EndGlobalSection
	GlobalSection(SolutionProperties) = preSolution
		HideSolutionNode = FALSE
	EndGlobalSection
	GlobalSection(ExtensibilityGlobals) = postSolution
		SolutionGuid = {613B6314-5C22-40B7-AEE3-6CDA31E29CA8}
	EndGlobalSection
EndGlobal
